
Microsoft Visual Studio Solution File, Format Version 12.00
# Visual Studio 15
VisualStudioVersion = 15.0.28307.421
MinimumVisualStudioVersion = 10.0.40219.1
Project("{FAE04EC0-301F-11D3-BF4B-00C04F79EFBC}") = "WpfAutoOlio", "WpfAutoOlio\WpfAutoOlio.csproj", "{3C9CA92C-5897-40AC-AA01-79AFA8FA3717}"
EndProject
Global
	GlobalSection(SolutionConfigurationPlatforms) = preSolution
		Debug|Any CPU = Debug|Any CPU
		Release|Any CPU = Release|Any CPU
	EndGlobalSection
	GlobalSection(ProjectConfigurationPlatforms) = postSolution
		{3C9CA92C-5897-40AC-AA01-79AFA8FA3717}.Debug|Any CPU.ActiveCfg = Debug|Any CPU
		{3C9CA92C-5897-40AC-AA01-79AFA8FA3717}.Debug|Any CPU.Build.0 = Debug|Any CPU
		{3C9CA92C-5897-40AC-AA01-79AFA8FA3717}.Release|Any CPU.ActiveCfg = Release|Any CPU
		{3C9CA92C-5897-40AC-AA01-79AFA8FA3717}.Release|Any CPU.Build.0 = Release|Any CPU
	EndGlobalSection
	GlobalSection(SolutionProperties) = preSolution
		HideSolutionNode = FALSE
	EndGlobalSection
	GlobalSection(ExtensibilityGlobals) = postSolution
		SolutionGuid = {AEF79DF9-58E5-4D67-B45F-43715A8B8060}
	EndGlobalSection
EndGlobal
